dependencies:
  espressif/cjson:
    component_hash: e788323270d90738662d66fffa910bfe1fba019bba087f01557e70c40485b469
    dependencies:
    - name: idf
      require: private
      version: '>=5.0'
    source:
      registry_url: https://components.espressif.com/
      type: service
    version: 1.7.19~2
  idf:
    source:
      type: idf
    version: 6.0.1
direct_dependencies:
- espressif/cjson
manifest_hash: daf0fa74827cd67f9ddc7e1bef133c1936fb585172d503068ced806e6e3fb9dd
target: esp32c3
version: 2.0.0
